
Microsoft Visual Studio Solution File, Format Version 12.00
# Visual Studio Version 16
VisualStudioVersion = 16.0.31702.278
MinimumVisualStudioVersion = 10.0.40219.1
Project("{FAE04EC0-301F-11D3-BF4B-00C04F79EFBC}") = "QuizletClone", "QuizletClone\QuizletClone.csproj", "{826C5CB8-0541-4DAE-A3EE-87788C6E5BB9}"
EndProject
Global
	GlobalSection(SolutionConfigurationPlatforms) = preSolution
		Debug|Any CPU = Debug|Any CPU
		Release|Any CPU = Release|Any CPU
	EndGlobalSection
	GlobalSection(ProjectConfigurationPlatforms) = postSolution
		{826C5CB8-0541-4DAE-A3EE-87788C6E5BB9}.Debug|Any CPU.ActiveCfg = Debug|Any CPU
		{826C5CB8-0541-4DAE-A3EE-87788C6E5BB9}.Debug|Any CPU.Build.0 = Debug|Any CPU
		{826C5CB8-0541-4DAE-A3EE-87788C6E5BB9}.Release|Any CPU.ActiveCfg = Release|Any CPU
		{826C5CB8-0541-4DAE-A3EE-87788C6E5BB9}.Release|Any CPU.Build.0 = Release|Any CPU
	EndGlobalSection
	GlobalSection(SolutionProperties) = preSolution
		HideSolutionNode = FALSE
	EndGlobalSection
	GlobalSection(ExtensibilityGlobals) = postSolution
		SolutionGuid = {01227E9E-5D52-4358-9048-78F84F499EA9}
	EndGlobalSection
EndGlobal
